
Microsoft Visual Studio Solution File, Format Version 12.00
# Visual Studio Version 16
VisualStudioVersion = 16.0.29020.237
MinimumVisualStudioVersion = 10.0.40219.1
Project("{9A19103F-16F7-4668-BE54-9A1E7A4F7556}") = "BrainParse.Library.CheapIdLib", "BrainParse.Library.CheapIdLib\BrainParse.Library.CheapIdLib.csproj", "{61B0A44C-2ED3-49EB-B5FA-9D1998BC6D03}"
EndProject
Global
	GlobalSection(SolutionConfigurationPlatforms) = preSolution
		Debug|Any CPU = Debug|Any CPU
		Release|Any CPU = Release|Any CPU
	EndGlobalSection
	GlobalSection(ProjectConfigurationPlatforms) = postSolution
		{61B0A44C-2ED3-49EB-B5FA-9D1998BC6D03}.Debug|Any CPU.ActiveCfg = Debug|Any CPU
		{61B0A44C-2ED3-49EB-B5FA-9D1998BC6D03}.Debug|Any CPU.Build.0 = Debug|Any CPU
		{61B0A44C-2ED3-49EB-B5FA-9D1998BC6D03}.Release|Any CPU.ActiveCfg = Release|Any CPU
		{61B0A44C-2ED3-49EB-B5FA-9D1998BC6D03}.Release|Any CPU.Build.0 = Release|Any CPU
	EndGlobalSection
	GlobalSection(SolutionProperties) = preSolution
		HideSolutionNode = FALSE
	EndGlobalSection
	GlobalSection(ExtensibilityGlobals) = postSolution
		SolutionGuid = {7CA37272-E958-4DF1-AB3E-3117BB2DB02F}
	EndGlobalSection
EndGlobal
